// !$*UTF8*$!
{
	archiveVersion = 1;
	classes = {
	};
	objectVersion = 48;
	objects = {

/* Begin PBXBuildFile section */
		EF5078A8204C56250056074A /* AppDelegate.swift in Sources */ = {isa = PBXBuildFile; fileRef = EF5078A7204C56250056074A /* AppDelegate.swift */; };
		EF5078AA204C56250056074A /* ViewController.swift in Sources */ = {isa = PBXBuildFile; fileRef = EF5078A9204C56250056074A /* ViewController.swift */; };
		EF5078AD204C56250056074A /* Main.storyboard in Resources */ = {isa = PBXBuildFile; fileRef = EF5078AB204C56250056074A /* Main.storyboard */; };
		EF5078AF204C56250056074A /* Assets.xcassets in Resources */ = {isa = PBXBuildFile; fileRef = EF5078AE204C56250056074A /* Assets.xcassets */; };
		EF5078B2204C56250056074A /* LaunchScreen.storyboard in Resources */ = {isa = PBXBuildFile; fileRef = EF5078B0204C56250056074A /* LaunchScreen.storyboard */; };
		EF5078BD204C56250056074A /* SwiftMulticastDelegateTests.swift in Sources */ = {isa = PBXBuildFile; fileRef = EF5078BC204C56250056074A /* SwiftMulticastDelegateTests.swift */; };
/* End PBXBuildFile section */

/* Begin PBXContainerItemProxy section */
		EF5078B9204C56250056074A /* PBXContainerItemProxy */ = {
			isa = PBXContainerItemProxy;
			containerPortal = EF50789C204C56250056074A /* Project object */;
			proxyType = 1;
			remoteGlobalIDString = EF5078A3204C56250056074A;
			remoteInfo = SwiftMulticastDelegate;
		};
/* End PBXContainerItemProxy section */

/* Begin PBXFileReference section */
		EF5078A4204C56250056074A /* SwiftMulticastDelegate.app */ = {isa = PBXFileReference; explicitFileType = wrapper.application; includeInIndex = 0; path = SwiftMulticastDelegate.app; sourceTree = BUILT_PRODUCTS_DIR; };
		EF5078A7204C56250056074A /* AppDelegate.swift */ = {isa = PBXFileReference; lastKnownFileType = sourcecode.swift; path = AppDelegate.swift; sourceTree = "<group>"; };
		EF5078A9204C56250056074A /* ViewController.swift */ = {isa = PBXFileReference; lastKnownFileType = sourcecode.swift; path = ViewController.swift; sourceTree = "<group>"; };
		EF5078AC204C56250056074A /* Base */ = {isa = PBXFileReference; lastKnownFileType = file.storyboard; name = Base; path = Base.lproj/Main.storyboard; sourceTree = "<group>"; };
		EF5078AE204C56250056074A /* Assets.xcassets */ = {isa = PBXFileReference; lastKnownFileType = folder.assetcatalog; path = Assets.xcassets; sourceTree = "<group>"; };
		EF5078B1204C56250056074A /* Base */ = {isa = PBXFileReference; lastKnownFileType = file.storyboard; name = Base; path = Base.lproj/LaunchScreen.storyboard; sourceTree = "<group>"; };
		EF5078B3204C56250056074A /* Info.plist */ = {isa = PBXFileReference; lastKnownFileType = text.plist.xml; path = Info.plist; sourceTree = "<group>"; };
		EF5078B8204C56250056074A /* SwiftMulticastDelegateTests.xctest */ = {isa = PBXFileReference; explicitFileType = wrapper.cfbundle; includeInIndex = 0; path = SwiftMulticastDelegateTests.xctest; sourceTree = BUILT_PRODUCTS_DIR; };
		EF5078BC204C56250056074A /* SwiftMulticastDelegateTests.swift */ = {isa = PBXFileReference; lastKnownFileType = sourcecode.swift; path = SwiftMulticastDelegateTests.swift; sourceTree = "<group>"; };
		EF5078BE204C56250056074A /* Info.plist */ = {isa = PBXFileReference; lastKnownFileType = text.plist.xml; path = Info.plist; sourceTree = "<group>"; };
/* End PBXFileReference section */

/* Begin PBXFrameworksBuildPhase section */
		EF5078A1204C56250056074A /* Frameworks */ = {
			isa = PBXFrameworksBuildPhase;
			buildActionMask = 2147483647;
			files = (
			);
			runOnlyForDeploymentPostprocessing = 0;
		};
		EF5078B5204C56250056074A /* Frameworks */ = {
			isa = PBXFrameworksBuildPhase;
			buildActionMask = 2147483647;
			files = (
			);
			runOnlyForDeploymentPostprocessing = 0;
		};
/* End PBXFrameworksBuildPhase section */

/* Begin PBXGroup section */
		EF50789B204C56250056074A = {
			isa = PBXGroup;
			children = (
				EF5078A6204C56250056074A /* SwiftMulticastDelegate */,
				EF5078BB204C56250056074A /* SwiftMulticastDelegateTests */,
				EF5078A5204C56250056074A /* Products */,
			);
			sourceTree = "<group>";
		};
		EF5078A5204C56250056074A /* Products */ = {
			isa = PBXGroup;
			children = (
				EF5078A4204C56250056074A /* SwiftMulticastDelegate.app */,
				EF5078B8204C56250056074A /* SwiftMulticastDelegateTests.xctest */,
			);
			name = Products;
			sourceTree = "<group>";
		};
		EF5078A6204C56250056074A /* SwiftMulticastDelegate */ = {
			isa = PBXGroup;
			children = (
				EF5078A7204C56250056074A /* AppDelegate.swift */,
				EF5078A9204C56250056074A /* ViewController.swift */,
				EF5078AB204C56250056074A /* Main.storyboard */,
				EF5078AE204C56250056074A /* Assets.xcassets */,
				EF5078B0204C56250056074A /* LaunchScreen.storyboard */,
				EF5078B3204C56250056074A /* Info.plist */,
			);
			path = SwiftMulticastDelegate;
			sourceTree = "<group>";
		};
		EF5078BB204C56250056074A /* SwiftMulticastDelegateTests */ = {
			isa = PBXGroup;
			children = (
				EF5078BC204C56250056074A /* SwiftMulticastDelegateTests.swift */,
				EF5078BE204C56250056074A /* Info.plist */,
			);
			path = SwiftMulticastDelegateTests;
			sourceTree = "<group>";
		};
/* End PBXGroup section */

/* Begin PBXNativeTarget section */
		EF5078A3204C56250056074A /* SwiftMulticastDelegate */ = {
			isa = PBXNativeTarget;
			buildConfigurationList = EF5078C1204C56250056074A /* Build configuration list for PBXNativeTarget "SwiftMulticastDelegate" */;
			buildPhases = (
				EF5078A0204C56250056074A /* Sources */,
				EF5078A1204C56250056074A /* Frameworks */,
				EF5078A2204C56250056074A /* Resources */,
			);
			buildRules = (
			);
			dependencies = (
			);
			name = SwiftMulticastDelegate;
			productName = SwiftMulticastDelegate;
			productReference = EF5078A4204C56250056074A /* SwiftMulticastDelegate.app */;
			productType = "com.apple.product-type.application";
		};
		EF5078B7204C56250056074A /* SwiftMulticastDelegateTests */ = {
			isa = PBXNativeTarget;
			buildConfigurationList = EF5078C4204C56250056074A /* Build configuration list for PBXNativeTarget "SwiftMulticastDelegateTests" */;
			buildPhases = (
				EF5078B4204C56250056074A /* Sources */,
				EF5078B5204C56250056074A /* Frameworks */,
				EF5078B6204C56250056074A /* Resources */,
			);
			buildRules = (
			);
			dependencies = (
				EF5078BA204C56250056074A /* PBXTargetDependency */,
			);
			name = SwiftMulticastDelegateTests;
			productName = SwiftMulticastDelegateTests;
			productReference = EF5078B8204C56250056074A /* SwiftMulticastDelegateTests.xctest */;
			productType = "com.apple.product-type.bundle.unit-test";
		};
/* End PBXNativeTarget section */

/* Begin PBXProject section */
		EF50789C204C56250056074A /* Project object */ = {
			isa = PBXProject;
			attributes = {
				LastSwiftUpdateCheck = 0920;
				LastUpgradeCheck = 0920;
				ORGANIZATIONNAME = billchan;
				TargetAttributes = {
					EF5078A3204C56250056074A = {
						CreatedOnToolsVersion = 9.2;
						ProvisioningStyle = Automatic;
					};
					EF5078B7204C56250056074A = {
						CreatedOnToolsVersion = 9.2;
						ProvisioningStyle = Automatic;
						TestTargetID = EF5078A3204C56250056074A;
					};
				};
			};
			buildConfigurationList = EF50789F204C56250056074A /* Build configuration list for PBXProject "SwiftMulticastDelegate" */;
			compatibilityVersion = "Xcode 8.0";
			developmentRegion = en;
			hasScannedForEncodings = 0;
			knownRegions = (
				en,
				Base,
			);
			mainGroup = EF50789B204C56250056074A;
			productRefGroup = EF5078A5204C56250056074A /* Products */;
			projectDirPath = "";
			projectRoot = "";
			targets = (
				EF5078A3204C56250056074A /* SwiftMulticastDelegate */,
				EF5078B7204C56250056074A /* SwiftMulticastDelegateTests */,
			);
		};
/* End PBXProject section */

/* Begin PBXResourcesBuildPhase section */
		EF5078A2204C56250056074A /* Resources */ = {
			isa = PBXResourcesBuildPhase;
			buildActionMask = 2147483647;
			files = (
				EF5078B2204C56250056074A /* LaunchScreen.storyboard in Resources */,
				EF5078AF204C56250056074A /* Assets.xcassets in Resources */,
				EF5078AD204C56250056074A /* Main.storyboard in Resources */,
			);
			runOnlyForDeploymentPostprocessing = 0;
		};
		EF5078B6204C56250056074A /* Resources */ = {
			isa = PBXResourcesBuildPhase;
			buildActionMask = 2147483647;
			files = (
			);
			runOnlyForDeploymentPostprocessing = 0;
		};
/* End PBXResourcesBuildPhase section */

/* Begin PBXSourcesBuildPhase section */
		EF5078A0204C56250056074A /* Sources */ = {
			isa = PBXSourcesBuildPhase;
			buildActionMask = 2147483647;
			files = (
				EF5078AA204C56250056074A /* ViewController.swift in Sources */,
				EF5078A8204C56250056074A /* AppDelegate.swift in Sources */,
			);
			runOnlyForDeploymentPostprocessing = 0;
		};
		EF5078B4204C56250056074A /* Sources */ = {
			isa = PBXSourcesBuildPhase;
			buildActionMask = 2147483647;
			files = (
				EF5078BD204C56250056074A /* SwiftMulticastDelegateTests.swift in Sources */,
			);
			runOnlyForDeploymentPostprocessing = 0;
		};
/* End PBXSourcesBuildPhase section */

/* Begin PBXTargetDependency section */
		EF5078BA204C56250056074A /* PBXTargetDependency */ = {
			isa = PBXTargetDependency;
			target = EF5078A3204C56250056074A /* SwiftMulticastDelegate */;
			targetProxy = EF5078B9204C56250056074A /* PBXContainerItemProxy */;
		};
/* End PBXTargetDependency section */

/* Begin PBXVariantGroup section */
		EF5078AB204C56250056074A /* Main.storyboard */ = {
			isa = PBXVariantGroup;
			children = (
				EF5078AC204C56250056074A /* Base */,
			);
			name = Main.storyboard;
			sourceTree = "<group>";
		};
		EF5078B0204C56250056074A /* LaunchScreen.storyboard */ = {
			isa = PBXVariantGroup;
			children = (
				EF5078B1204C56250056074A /* Base */,
			);
			name = LaunchScreen.storyboard;
			sourceTree = "<group>";
		};
/* End PBXVariantGroup section */

/* Begin XCBuildConfiguration section */
		EF5078BF204C56250056074A /* Debug */ = {
			isa = XCBuildConfiguration;
			buildSettings = {
				ALWAYS_SEARCH_USER_PATHS = NO;
				CLANG_ANALYZER_NONNULL = YES;
				CLANG_ANALYZER_NUMBER_OBJECT_CONVERSION = YES_AGGRESSIVE;
				CLANG_CXX_LANGUAGE_STANDARD = "gnu++14";
				CLANG_CXX_LIBRARY = "libc++";
				CLANG_ENABLE_MODULES = YES;
				CLANG_ENABLE_OBJC_ARC = YES;
				CLANG_WARN_BLOCK_CAPTURE_AUTORELEASING = YES;
				CLANG_WARN_BOOL_CONVERSION = YES;
				CLANG_WARN_COMMA = YES;
				CLANG_WARN_CONSTANT_CONVERSION = YES;
				CLANG_WARN_DIRECT_OBJC_ISA_USAGE = YES_ERROR;
				CLANG_WARN_DOCUMENTATION_COMMENTS = YES;
				CLANG_WARN_EMPTY_BODY = YES;
				CLANG_WARN_ENUM_CONVERSION = YES;
				CLANG_WARN_INFINITE_RECURSION = YES;
				CLANG_WARN_INT_CONVERSION = YES;
				CLANG_WARN_NON_LITERAL_NULL_CONVERSION = YES;
				CLANG_WARN_OBJC_LITERAL_CONVERSION = YES;
				CLANG_WARN_OBJC_ROOT_CLASS = YES_ERROR;
				CLANG_WARN_RANGE_LOOP_ANALYSIS = YES;
				CLANG_WARN_STRICT_PROTOTYPES = YES;
				CLANG_WARN_SUSPICIOUS_MOVE = YES;
				CLANG_WARN_UNGUARDED_AVAILABILITY = YES_AGGRESSIVE;
				CLANG_WARN_UNREACHABLE_CODE = YES;
				CLANG_WARN__DUPLICATE_METHOD_MATCH = YES;
				CODE_SIGN_IDENTITY = "iPhone Developer";
				COPY_PHASE_STRIP = NO;
				DEBUG_INFORMATION_FORMAT = dwarf;
				ENABLE_STRICT_OBJC_MSGSEND = YES;
				ENABLE_TESTABILITY = YES;
				GCC_C_LANGUAGE_STANDARD = gnu11;
				GCC_DYNAMIC_NO_PIC = NO;
				GCC_NO_COMMON_BLOCKS = YES;
				GCC_OPTIMIZATION_LEVEL = 0;
				GCC_PREPROCESSOR_DEFINITIONS = (
					"DEBUG=1",
					"$(inherited)",
				);
				GCC_WARN_64_TO_32_BIT_CONVERSION = YES;
				GCC_WARN_ABOUT_RETURN_TYPE = YES_ERROR;
				GCC_WARN_UNDECLARED_SELECTOR = YES;
				GCC_WARN_UNINITIALIZED_AUTOS = YES_AGGRESSIVE;
				GCC_WARN_UNUSED_FUNCTION = YES;
				GCC_WARN_UNUSED_VARIABLE = YES;
				IPHONEOS_DEPLOYMENT_TARGET = 11.2;
				MTL_ENABLE_DEBUG_INFO = YES;
				ONLY_ACTIVE_ARCH = YES;
				SDKROOT = iphoneos;
				SWIFT_ACTIVE_COMPILATION_CONDITIONS = DEBUG;
				SWIFT_OPTIMIZATION_LEVEL = "-Onone";
			};
			name = Debug;
		};
		EF5078C0204C56250056074A /* Release */ = {
			isa = XCBuildConfiguration;
			buildSettings = {
				ALWAYS_SEARCH_USER_PATHS = NO;
				CLANG_ANALYZER_NONNULL = YES;
				CLANG_ANALYZER_NUMBER_OBJECT_CONVERSION = YES_AGGRESSIVE;
				CLANG_CXX_LANGUAGE_STANDARD = "gnu++14";
				CLANG_CXX_LIBRARY = "libc++";
				CLANG_ENABLE_MODULES = YES;
				CLANG_ENABLE_OBJC_ARC = YES;
				CLANG_WARN_BLOCK_CAPTURE_AUTORELEASING = YES;
				CLANG_WARN_BOOL_CONVERSION = YES;
				CLANG_WARN_COMMA = YES;
				CLANG_WARN_CONSTANT_CONVERSION = YES;
				CLANG_WARN_DIRECT_OBJC_ISA_USAGE = YES_ERROR;
				CLANG_WARN_DOCUMENTATION_COMMENTS = YES;
				CLANG_WARN_EMPTY_BODY = YES;
				CLANG_WARN_ENUM_CONVERSION = YES;
				CLANG_WARN_INFINITE_RECURSION = YES;
				CLANG_WARN_INT_CONVERSION = YES;
				CLANG_WARN_NON_LITERAL_NULL_CONVERSION = YES;
				CLANG_WARN_OBJC_LITERAL_CONVERSION = YES;
				CLANG_WARN_OBJC_ROOT_CLASS = YES_ERROR;
				CLANG_WARN_RANGE_LOOP_ANALYSIS = YES;
				CLANG_WARN_STRICT_PROTOTYPES = YES;
				CLANG_WARN_SUSPICIOUS_MOVE = YES;
				CLANG_WARN_UNGUARDED_AVAILABILITY = YES_AGGRESSIVE;
				CLANG_WARN_UNREACHABLE_CODE = YES;
				CLANG_WARN__DUPLICATE_METHOD_MATCH = YES;
				CODE_SIGN_IDENTITY = "iPhone Developer";
				COPY_PHASE_STRIP = NO;
				DEBUG_INFORMATION_FORMAT = "dwarf-with-dsym";
				ENABLE_NS_ASSERTIONS = NO;
				ENABLE_STRICT_OBJC_MSGSEND = YES;
				GCC_C_LANGUAGE_STANDARD = gnu11;
				GCC_NO_COMMON_BLOCKS = YES;
				GCC_WARN_64_TO_32_BIT_CONVERSION = YES;
				GCC_WARN_ABOUT_RETURN_TYPE = YES_ERROR;
				GCC_WARN_UNDECLARED_SELECTOR = YES;
				GCC_WARN_UNINITIALIZED_AUTOS = YES_AGGRESSIVE;
				GCC_WARN_UNUSED_FUNCTION = YES;
				GCC_WARN_UNUSED_VARIABLE = YES;
				IPHONEOS_DEPLOYMENT_TARGET = 11.2;
				MTL_ENABLE_DEBUG_INFO = NO;
				SDKROOT = iphoneos;
				SWIFT_OPTIMIZATION_LEVEL = "-Owholemodule";
				VALIDATE_PRODUCT = YES;
			};
			name = Release;
		};
		EF5078C2204C56250056074A /* Debug */ = {
			isa = XCBuildConfiguration;
			buildSettings = {
				ASSETCATALOG_COMPILER_APPICON_NAME = AppIcon;
				CODE_SIGN_STYLE = Automatic;
				INFOPLIST_FILE = SwiftMulticastDelegate/Info.plist;
				LD_RUNPATH_SEARCH_PATHS = "$(inherited) @executable_path/Frameworks";
				PRODUCT_BUNDLE_IDENTIFIER = com.billchan.SwiftMulticastDelegate.SwiftMulticastDelegate;
				PRODUCT_NAME = "$(TARGET_NAME)";
				SWIFT_VERSION = 4.0;
				TARGETED_DEVICE_FAMILY = "1,2";
			};
			name = Debug;
		};
		EF5078C3204C56250056074A /* Release */ = {
			isa = XCBuildConfiguration;
			buildSettings = {
				ASSETCATALOG_COMPILER_APPICON_NAME = AppIcon;
				CODE_SIGN_STYLE = Automatic;
				INFOPLIST_FILE = SwiftMulticastDelegate/Info.plist;
				LD_RUNPATH_SEARCH_PATHS = "$(inherited) @executable_path/Frameworks";
				PRODUCT_BUNDLE_IDENTIFIER = com.billchan.SwiftMulticastDelegate.SwiftMulticastDelegate;
				PRODUCT_NAME = "$(TARGET_NAME)";
				SWIFT_VERSION = 4.0;
				TARGETED_DEVICE_FAMILY = "1,2";
			};
			name = Release;
		};
		EF5078C5204C56250056074A /* Debug */ = {
			isa = XCBuildConfiguration;
			buildSettings = {
				ALWAYS_EMBED_SWIFT_STANDARD_LIBRARIES = YES;
				BUNDLE_LOADER = "$(TEST_HOST)";
				CODE_SIGN_STYLE = Automatic;
				INFOPLIST_FILE = SwiftMulticastDelegateTests/Info.plist;
				LD_RUNPATH_SEARCH_PATHS = "$(inherited) @executable_path/Frameworks @loader_path/Frameworks";
				PRODUCT_BUNDLE_IDENTIFIER = com.billchan.SwiftMulticastDelegate.SwiftMulticastDelegateTests;
				PRODUCT_NAME = "$(TARGET_NAME)";
				SWIFT_VERSION = 4.0;
				TARGETED_DEVICE_FAMILY = "1,2";
				TEST_HOST = "$(BUILT_PRODUCTS_DIR)/SwiftMulticastDelegate.app/SwiftMulticastDelegate";
			};
			name = Debug;
		};
		EF5078C6204C56250056074A /* Release */ = {
			isa = XCBuildConfiguration;
			buildSettings = {
				ALWAYS_EMBED_SWIFT_STANDARD_LIBRARIES = YES;
				BUNDLE_LOADER = "$(TEST_HOST)";
				CODE_SIGN_STYLE = Automatic;
				INFOPLIST_FILE = SwiftMulticastDelegateTests/Info.plist;
				LD_RUNPATH_SEARCH_PATHS = "$(inherited) @executable_path/Frameworks @loader_path/Frameworks";
				PRODUCT_BUNDLE_IDENTIFIER = com.billchan.SwiftMulticastDelegate.SwiftMulticastDelegateTests;
				PRODUCT_NAME = "$(TARGET_NAME)";
				SWIFT_VERSION = 4.0;
				TARGETED_DEVICE_FAMILY = "1,2";
				TEST_HOST = "$(BUILT_PRODUCTS_DIR)/SwiftMulticastDelegate.app/SwiftMulticastDelegate";
			};
			name = Release;
		};
/* End XCBuildConfiguration section */

/* Begin XCConfigurationList section */
		EF50789F204C56250056074A /* Build configuration list for PBXProject "SwiftMulticastDelegate" */ = {
			isa = XCConfigurationList;
			buildConfigurations = (
				EF5078BF204C56250056074A /* Debug */,
				EF5078C0204C56250056074A /* Release */,
			);
			defaultConfigurationIsVisible = 0;
			defaultConfigurationName = Release;
		};
		EF5078C1204C56250056074A /* Build configuration list for PBXNativeTarget "SwiftMulticastDelegate" */ = {
			isa = XCConfigurationList;
			buildConfigurations = (
				EF5078C2204C56250056074A /* Debug */,
				EF5078C3204C56250056074A /* Release */,
			);
			defaultConfigurationIsVisible = 0;
			defaultConfigurationName = Release;
		};
		EF5078C4204C56250056074A /* Build configuration list for PBXNativeTarget "SwiftMulticastDelegateTests" */ = {
			isa = XCConfigurationList;
			buildConfigurations = (
				EF5078C5204C56250056074A /* Debug */,
				EF5078C6204C56250056074A /* Release */,
			);
			defaultConfigurationIsVisible = 0;
			defaultConfigurationName = Release;
		};
/* End XCConfigurationList section */
	};
	rootObject = EF50789C204C56250056074A /* Project object */;
}
